
Microsoft Visual Studio Solution File, Format Version 12.00
# Visual Studio 2013
VisualStudioVersion = 12.0.21005.1
MinimumVisualStudioVersion = 10.0.40219.1
Project("{FAE04EC0-301F-11D3-BF4B-00C04F79EFBC}") = "VisualStudioSync.Extension", "VisualStudioSync.Extension\VisualStudioSync.Extension.csproj", "{494A4108-834A-4BB1-BEF4-13AAA135FF95}"
EndProject
Project("{FAE04EC0-301F-11D3-BF4B-00C04F79EFBC}") = "VisualStudioSync", "VisualStudioSync\VisualStudioSync.csproj", "{75FD3E62-ED44-4E90-9A28-15B9432A4B8C}"
EndProject
Project("{FAE04EC0-301F-11D3-BF4B-00C04F79EFBC}") = "VisualStudioSync.Live", "VisualStudioSync.Live\VisualStudioSync.Live.csproj", "{4B289457-1F40-49D3-A79B-BF67421D8181}"
EndProject
Project("{FAE04EC0-301F-11D3-BF4B-00C04F79EFBC}") = "VisualStudioSync.Tests", "VisualStudioSync.Tests\VisualStudioSync.Tests.csproj", "{D9ADAA40-A05D-4564-B818-19B60B24E977}"
EndProject
Global
	GlobalSection(SolutionConfigurationPlatforms) = preSolution
		Debug|Any CPU = Debug|Any CPU
		Release|Any CPU = Release|Any CPU
	EndGlobalSection
	GlobalSection(ProjectConfigurationPlatforms) = postSolution
		{494A4108-834A-4BB1-BEF4-13AAA135FF95}.Debug|Any CPU.ActiveCfg = Debug|Any CPU
		{494A4108-834A-4BB1-BEF4-13AAA135FF95}.Debug|Any CPU.Build.0 = Debug|Any CPU
		{494A4108-834A-4BB1-BEF4-13AAA135FF95}.Release|Any CPU.ActiveCfg = Release|Any CPU
		{494A4108-834A-4BB1-BEF4-13AAA135FF95}.Release|Any CPU.Build.0 = Release|Any CPU
		{75FD3E62-ED44-4E90-9A28-15B9432A4B8C}.Debug|Any CPU.ActiveCfg = Debug|Any CPU
		{75FD3E62-ED44-4E90-9A28-15B9432A4B8C}.Debug|Any CPU.Build.0 = Debug|Any CPU
		{75FD3E62-ED44-4E90-9A28-15B9432A4B8C}.Release|Any CPU.ActiveCfg = Release|Any CPU
		{75FD3E62-ED44-4E90-9A28-15B9432A4B8C}.Release|Any CPU.Build.0 = Release|Any CPU
		{4B289457-1F40-49D3-A79B-BF67421D8181}.Debug|Any CPU.ActiveCfg = Debug|Any CPU
		{4B289457-1F40-49D3-A79B-BF67421D8181}.Debug|Any CPU.Build.0 = Debug|Any CPU
		{4B289457-1F40-49D3-A79B-BF67421D8181}.Release|Any CPU.ActiveCfg = Release|Any CPU
		{4B289457-1F40-49D3-A79B-BF67421D8181}.Release|Any CPU.Build.0 = Release|Any CPU
		{D9ADAA40-A05D-4564-B818-19B60B24E977}.Debug|Any CPU.ActiveCfg = Debug|Any CPU
		{D9ADAA40-A05D-4564-B818-19B60B24E977}.Debug|Any CPU.Build.0 = Debug|Any CPU
		{D9ADAA40-A05D-4564-B818-19B60B24E977}.Release|Any CPU.ActiveCfg = Release|Any CPU
		{D9ADAA40-A05D-4564-B818-19B60B24E977}.Release|Any CPU.Build.0 = Release|Any CPU
	EndGlobalSection
	GlobalSection(SolutionProperties) = preSolution
		HideSolutionNode = FALSE
	EndGlobalSection
	GlobalSection(ExtensibilityGlobals) = postSolution
		EnterpriseLibraryConfigurationToolBinariesPath = packages\Unity.2.1.505.2\lib\NET35
	EndGlobalSection
EndGlobal
